{
  "lockfileVersion": 1,
  "workspaces": {
    "": {
      "name": "radix-ui-colors-kotlin",
      "dependencies": {
        "@radix-ui/colors": "3.0.0",
      },
      "devDependencies": {
        "@types/node": "^24.2.1",
      },
    },
  },
  "packages": {
    "@radix-ui/colors": ["@radix-ui/colors@3.0.0", "", {}, "sha512-FUOsGBkHrYJwCSEtWRCIfQbZG7q1e6DgxCIOe1SUQzDe/7rXXeA47s8yCn6fuTNQAj1Zq4oTFi9Yjp3wzElcxg=="],

    "@types/node": ["@types/node@24.2.1", "", { "dependencies": { "undici-types": "~7.10.0" } }, "sha512-DRh5K+ka5eJic8CjH7td8QpYEV6Zo10gfRkjHCO3weqZHWDtAaSTFtl4+VMqOJ4N5jcuhZ9/l+yy8rVgw7BQeQ=="],

    "undici-types": ["undici-types@7.10.0", "", {}, "sha512-t5Fy/nfn+14LuOc2KNYg75vZqClpAiqscVvMygNnlsHBFpSXdJaYtXMcdNLpl/Qvc3P2cB3s6lOV51nqsFq4ag=="],
  }
}
